
Microsoft Visual Studio Solution File, Format Version 12.00
# Visual Studio 14
VisualStudioVersion = 14.0.25420.1
MinimumVisualStudioVersion = 10.0.40219.1
Project("{FAE04EC0-301F-11D3-BF4B-00C04F79EFBC}") = "Unosquare.TinySine.RelayModule", "Unosquare.TinySine.RelayModule\Unosquare.TinySine.RelayModule.csproj", "{9A403749-98E1-4DC9-A887-342810D7392A}"
EndProject
Project("{FAE04EC0-301F-11D3-BF4B-00C04F79EFBC}") = "Unosquare.TinySine.RelayModule.Sample", "Unosquare.TinySine.RelayModule.Sample\Unosquare.TinySine.RelayModule.Sample.csproj", "{0C333BB9-242F-486D-BDDB-528C17F8EAB3}"
EndProject
Project("{2150E333-8FDC-42A3-9474-1A3956D46DE8}") = "Solution folder", "Solution folder", "{BC6F3784-2187-440D-A98B-4A96F5D0D40C}"
	ProjectSection(SolutionItems) = preProject
		README.md = README.md
		sshdeploy.cmd = sshdeploy.cmd
	EndProjectSection
EndProject
Global
	GlobalSection(SolutionConfigurationPlatforms) = preSolution
		Debug|Any CPU = Debug|Any CPU
		Release|Any CPU = Release|Any CPU
	EndGlobalSection
	GlobalSection(ProjectConfigurationPlatforms) = postSolution
		{9A403749-98E1-4DC9-A887-342810D7392A}.Debug|Any CPU.ActiveCfg = Debug|Any CPU
		{9A403749-98E1-4DC9-A887-342810D7392A}.Debug|Any CPU.Build.0 = Debug|Any CPU
		{9A403749-98E1-4DC9-A887-342810D7392A}.Release|Any CPU.ActiveCfg = Release|Any CPU
		{9A403749-98E1-4DC9-A887-342810D7392A}.Release|Any CPU.Build.0 = Release|Any CPU
		{0C333BB9-242F-486D-BDDB-528C17F8EAB3}.Debug|Any CPU.ActiveCfg = Debug|Any CPU
		{0C333BB9-242F-486D-BDDB-528C17F8EAB3}.Debug|Any CPU.Build.0 = Debug|Any CPU
		{0C333BB9-242F-486D-BDDB-528C17F8EAB3}.Release|Any CPU.ActiveCfg = Release|Any CPU
		{0C333BB9-242F-486D-BDDB-528C17F8EAB3}.Release|Any CPU.Build.0 = Release|Any CPU
	EndGlobalSection
	GlobalSection(SolutionProperties) = preSolution
		HideSolutionNode = FALSE
	EndGlobalSection
EndGlobal
